// !$*UTF8*$!
{
	archiveVersion = 1;
	classes = {
	};
	objectVersion = 46;
	objects = {

/* Begin PBXBuildFile section */
		0C4F32C21AA522F6004F1A5E /* AppDelegate.swift in Sources */ = {isa = PBXBuildFile; fileRef = 0C4F32C11AA522F6004F1A5E /* AppDelegate.swift */; };
		0C4F32C41AA522F6004F1A5E /* ViewController.swift in Sources */ = {isa = PBXBuildFile; fileRef = 0C4F32C31AA522F6004F1A5E /* ViewController.swift */; };
		0C4F32C71AA522F6004F1A5E /* Main.storyboard in Resources */ = {isa = PBXBuildFile; fileRef = 0C4F32C51AA522F6004F1A5E /* Main.storyboard */; };
		0C4F32C91AA522F6004F1A5E /* Images.xcassets in Resources */ = {isa = PBXBuildFile; fileRef = 0C4F32C81AA522F6004F1A5E /* Images.xcassets */; };
		0C4F32CC1AA522F6004F1A5E /* LaunchScreen.xib in Resources */ = {isa = PBXBuildFile; fileRef = 0C4F32CA1AA522F6004F1A5E /* LaunchScreen.xib */; };
		0C4F32D81AA522F6004F1A5E /* Busbud_ChallengeTests.swift in Sources */ = {isa = PBXBuildFile; fileRef = 0C4F32D71AA522F6004F1A5E /* Busbud_ChallengeTests.swift */; };
		0C5F94471AA5252600A18F55 /* City.swift in Sources */ = {isa = PBXBuildFile; fileRef = 0C5F94461AA5252600A18F55 /* City.swift */; };
		0C5F944A1AA5FD0B00A18F55 /* Router.swift in Sources */ = {isa = PBXBuildFile; fileRef = 0C5F94491AA5FD0B00A18F55 /* Router.swift */; };
		0C5F94651AA6056500A18F55 /* SwiftyJSON.swift in Sources */ = {isa = PBXBuildFile; fileRef = 0C5F945B1AA6056500A18F55 /* SwiftyJSON.swift */; };
		0C5F94661AA6056500A18F55 /* Info.plist in Resources */ = {isa = PBXBuildFile; fileRef = 0C5F945C1AA6056500A18F55 /* Info.plist */; };
		0C5F94671AA6056500A18F55 /* Pods-SwiftyJSON.modulemap in Sources */ = {isa = PBXBuildFile; fileRef = 0C5F945D1AA6056500A18F55 /* Pods-SwiftyJSON.modulemap */; };
		0C5F94681AA6056500A18F55 /* Pods-SwiftyJSON.xcconfig in Resources */ = {isa = PBXBuildFile; fileRef = 0C5F945E1AA6056500A18F55 /* Pods-SwiftyJSON.xcconfig */; };
		0C5F94691AA6056500A18F55 /* Pods-SwiftyJSON-Private.xcconfig in Resources */ = {isa = PBXBuildFile; fileRef = 0C5F945F1AA6056500A18F55 /* Pods-SwiftyJSON-Private.xcconfig */; };
		0C5F946A1AA6056500A18F55 /* Pods-SwiftyJSON-dummy.m in Sources */ = {isa = PBXBuildFile; fileRef = 0C5F94601AA6056500A18F55 /* Pods-SwiftyJSON-dummy.m */; };
		0C5F946C1AA6057C00A18F55 /* User.swift in Sources */ = {isa = PBXBuildFile; fileRef = 0C5F946B1AA6057C00A18F55 /* User.swift */; };
		0C5F946E1AA6071100A18F55 /* Config.swift in Sources */ = {isa = PBXBuildFile; fileRef = 0C5F946D1AA6071100A18F55 /* Config.swift */; };
		0C5F94701AA607A500A18F55 /* Helpers.swift in Sources */ = {isa = PBXBuildFile; fileRef = 0C5F946F1AA607A500A18F55 /* Helpers.swift */; };
		E65ED3B38CCE08BDD1B0FA5D /* Pods.framework in Frameworks */ = {isa = PBXBuildFile; fileRef = 0BA3E30F6140C13DF21A26B3 /* Pods.framework */; settings = {ATTRIBUTES = (Weak, ); }; };
/* End PBXBuildFile section */

/* Begin PBXContainerItemProxy section */
		0C4F32D21AA522F6004F1A5E /* PBXContainerItemProxy */ = {
			isa = PBXContainerItemProxy;
			containerPortal = 0C4F32B41AA522F5004F1A5E /* Project object */;
			proxyType = 1;
			remoteGlobalIDString = 0C4F32BB1AA522F5004F1A5E;
			remoteInfo = "Busbud-Challenge";
		};
/* End PBXContainerItemProxy section */

/* Begin PBXFileReference section */
		0BA3E30F6140C13DF21A26B3 /* Pods.framework */ = {isa = PBXFileReference; explicitFileType = wrapper.framework; includeInIndex = 0; path = Pods.framework; sourceTree = BUILT_PRODUCTS_DIR; };
		0C1667401AA60A4100ED20B9 /* 6216.ttf */ = {isa = PBXFileReference; lastKnownFileType = file; path = 6216.ttf; sourceTree = "<group>"; };
		0C4F32BC1AA522F5004F1A5E /* Busbud-Challenge.app */ = {isa = PBXFileReference; explicitFileType = wrapper.application; includeInIndex = 0; path = "Busbud-Challenge.app"; sourceTree = BUILT_PRODUCTS_DIR; };
		0C4F32C01AA522F6004F1A5E /* Info.plist */ = {isa = PBXFileReference; lastKnownFileType = text.plist.xml; path = Info.plist; sourceTree = "<group>"; };
		0C4F32C11AA522F6004F1A5E /* AppDelegate.swift */ = {isa = PBXFileReference; lastKnownFileType = sourcecode.swift; path = AppDelegate.swift; sourceTree = "<group>"; };
		0C4F32C31AA522F6004F1A5E /* ViewController.swift */ = {isa = PBXFileReference; lastKnownFileType = sourcecode.swift; path = ViewController.swift; sourceTree = "<group>"; };
		0C4F32C61AA522F6004F1A5E /* Base */ = {isa = PBXFileReference; lastKnownFileType = file.storyboard; name = Base; path = Base.lproj/Main.storyboard; sourceTree = "<group>"; };
		0C4F32C81AA522F6004F1A5E /* Images.xcassets */ = {isa = PBXFileReference; lastKnownFileType = folder.assetcatalog; path = Images.xcassets; sourceTree = "<group>"; };
		0C4F32CB1AA522F6004F1A5E /* Base */ = {isa = PBXFileReference; lastKnownFileType = file.xib; name = Base; path = Base.lproj/LaunchScreen.xib; sourceTree = "<group>"; };
		0C4F32D11AA522F6004F1A5E /* Busbud-ChallengeTests.xctest */ = {isa = PBXFileReference; explicitFileType = wrapper.cfbundle; includeInIndex = 0; path = "Busbud-ChallengeTests.xctest"; sourceTree = BUILT_PRODUCTS_DIR; };
		0C4F32D61AA522F6004F1A5E /* Info.plist */ = {isa = PBXFileReference; lastKnownFileType = text.plist.xml; path = Info.plist; sourceTree = "<group>"; };
		0C4F32D71AA522F6004F1A5E /* Busbud_ChallengeTests.swift */ = {isa = PBXFileReference; lastKnownFileType = sourcecode.swift; path = Busbud_ChallengeTests.swift; sourceTree = "<group>"; };
		0C5F94461AA5252600A18F55 /* City.swift */ = {isa = PBXFileReference; fileEncoding = 4; lastKnownFileType = sourcecode.swift; path = City.swift; sourceTree = "<group>"; };
		0C5F94491AA5FD0B00A18F55 /* Router.swift */ = {isa = PBXFileReference; fileEncoding = 4; lastKnownFileType = sourcecode.swift; path = Router.swift; sourceTree = "<group>"; };
		0C5F945B1AA6056500A18F55 /* SwiftyJSON.swift */ = {isa = PBXFileReference; fileEncoding = 4; lastKnownFileType = sourcecode.swift; name = SwiftyJSON.swift; path = Source/SwiftyJSON.swift; sourceTree = "<group>"; };
		0C5F945C1AA6056500A18F55 /* Info.plist */ = {isa = PBXFileReference; fileEncoding = 4; lastKnownFileType = text.plist.xml; path = Info.plist; sourceTree = "<group>"; };
		0C5F945D1AA6056500A18F55 /* Pods-SwiftyJSON.modulemap */ = {isa = PBXFileReference; fileEncoding = 4; lastKnownFileType = "sourcecode.module-map"; path = "Pods-SwiftyJSON.modulemap"; sourceTree = "<group>"; };
		0C5F945E1AA6056500A18F55 /* Pods-SwiftyJSON.xcconfig */ = {isa = PBXFileReference; fileEncoding = 4; lastKnownFileType = text.xcconfig; path = "Pods-SwiftyJSON.xcconfig"; sourceTree = "<group>"; };
		0C5F945F1AA6056500A18F55 /* Pods-SwiftyJSON-Private.xcconfig */ = {isa = PBXFileReference; fileEncoding = 4; lastKnownFileType = text.xcconfig; path = "Pods-SwiftyJSON-Private.xcconfig"; sourceTree = "<group>"; };
		0C5F94601AA6056500A18F55 /* Pods-SwiftyJSON-dummy.m */ = {isa = PBXFileReference; fileEncoding = 4; lastKnownFileType = sourcecode.c.objc; path = "Pods-SwiftyJSON-dummy.m"; sourceTree = "<group>"; };
		0C5F94611AA6056500A18F55 /* Pods-SwiftyJSON-prefix.pch */ = {isa = PBXFileReference; fileEncoding = 4; lastKnownFileType = sourcecode.c.h; path = "Pods-SwiftyJSON-prefix.pch"; sourceTree = "<group>"; };
		0C5F94621AA6056500A18F55 /* Pods-SwiftyJSON-umbrella.h */ = {isa = PBXFileReference; fileEncoding = 4; lastKnownFileType = sourcecode.c.h; path = "Pods-SwiftyJSON-umbrella.h"; sourceTree = "<group>"; };
		0C5F946B1AA6057C00A18F55 /* User.swift */ = {isa = PBXFileReference; fileEncoding = 4; lastKnownFileType = sourcecode.swift; path = User.swift; sourceTree = "<group>"; };
		0C5F946D1AA6071100A18F55 /* Config.swift */ = {isa = PBXFileReference; fileEncoding = 4; lastKnownFileType = sourcecode.swift; path = Config.swift; sourceTree = "<group>"; };
		0C5F946F1AA607A500A18F55 /* Helpers.swift */ = {isa = PBXFileReference; fileEncoding = 4; lastKnownFileType = sourcecode.swift; path = Helpers.swift; sourceTree = "<group>"; };
		12DF7F3FD23604447B9F8EB2 /* Pods.release.xcconfig */ = {isa = PBXFileReference; includeInIndex = 1; lastKnownFileType = text.xcconfig; name = Pods.release.xcconfig; path = "Pods/Target Support Files/Pods/Pods.release.xcconfig"; sourceTree = "<group>"; };
		922DA080BCA9558C33980BFC /* Pods.debug.xcconfig */ = {isa = PBXFileReference; includeInIndex = 1; lastKnownFileType = text.xcconfig; name = Pods.debug.xcconfig; path = "Pods/Target Support Files/Pods/Pods.debug.xcconfig"; sourceTree = "<group>"; };
/* End PBXFileReference section */

/* Begin PBXFrameworksBuildPhase section */
		0C4F32B91AA522F5004F1A5E /* Frameworks */ = {
			isa = PBXFrameworksBuildPhase;
			buildActionMask = 2147483647;
			files = (
				E65ED3B38CCE08BDD1B0FA5D /* Pods.framework in Frameworks */,
			);
			runOnlyForDeploymentPostprocessing = 0;
		};
		0C4F32CE1AA522F6004F1A5E /* Frameworks */ = {
			isa = PBXFrameworksBuildPhase;
			buildActionMask = 2147483647;
			files = (
			);
			runOnlyForDeploymentPostprocessing = 0;
		};
/* End PBXFrameworksBuildPhase section */

/* Begin PBXGroup section */
		0C1667411AA60A4300ED20B9 /* Fonts */ = {
			isa = PBXGroup;
			children = (
				0C1667401AA60A4100ED20B9 /* 6216.ttf */,
			);
			name = Fonts;
			sourceTree = "<group>";
		};
		0C4F32B31AA522F5004F1A5E = {
			isa = PBXGroup;
			children = (
				0C4F32BE1AA522F5004F1A5E /* Busbud-Challenge */,
				0C4F32D41AA522F6004F1A5E /* Busbud-ChallengeTests */,
				0C4F32BD1AA522F5004F1A5E /* Products */,
				5C62CB6F65A8844EB4E2F6BA /* Pods */,
				3AD057A8B7D406745CC5044C /* Frameworks */,
			);
			sourceTree = "<group>";
		};
		0C4F32BD1AA522F5004F1A5E /* Products */ = {
			isa = PBXGroup;
			children = (
				0C4F32BC1AA522F5004F1A5E /* Busbud-Challenge.app */,
				0C4F32D11AA522F6004F1A5E /* Busbud-ChallengeTests.xctest */,
			);
			name = Products;
			sourceTree = "<group>";
		};
		0C4F32BE1AA522F5004F1A5E /* Busbud-Challenge */ = {
			isa = PBXGroup;
			children = (
				0C1667411AA60A4300ED20B9 /* Fonts */,
				0C5F94641AA6056500A18F55 /* SwiftyJSON */,
				0C5F94451AA5246200A18F55 /* Model */,
				0C4F32C11AA522F6004F1A5E /* AppDelegate.swift */,
				0C4F32C31AA522F6004F1A5E /* ViewController.swift */,
				0C4F32C51AA522F6004F1A5E /* Main.storyboard */,
				0C4F32C81AA522F6004F1A5E /* Images.xcassets */,
				0C4F32CA1AA522F6004F1A5E /* LaunchScreen.xib */,
				0C4F32BF1AA522F6004F1A5E /* Supporting Files */,
				0C5F94491AA5FD0B00A18F55 /* Router.swift */,
				0C5F946D1AA6071100A18F55 /* Config.swift */,
				0C5F946F1AA607A500A18F55 /* Helpers.swift */,
			);
			path = "Busbud-Challenge";
			sourceTree = "<group>";
		};
		0C4F32BF1AA522F6004F1A5E /* Supporting Files */ = {
			isa = PBXGroup;
			children = (
				0C4F32C01AA522F6004F1A5E /* Info.plist */,
			);
			name = "Supporting Files";
			sourceTree = "<group>";
		};
		0C4F32D41AA522F6004F1A5E /* Busbud-ChallengeTests */ = {
			isa = PBXGroup;
			children = (
				0C4F32D71AA522F6004F1A5E /* Busbud_ChallengeTests.swift */,
				0C4F32D51AA522F6004F1A5E /* Supporting Files */,
			);
			path = "Busbud-ChallengeTests";
			sourceTree = "<group>";
		};
		0C4F32D51AA522F6004F1A5E /* Supporting Files */ = {
			isa = PBXGroup;
			children = (
				0C4F32D61AA522F6004F1A5E /* Info.plist */,
			);
			name = "Supporting Files";
			sourceTree = "<group>";
		};
		0C5F94451AA5246200A18F55 /* Model */ = {
			isa = PBXGroup;
			children = (
				0C5F94461AA5252600A18F55 /* City.swift */,
				0C5F946B1AA6057C00A18F55 /* User.swift */,
			);
			name = Model;
			sourceTree = "<group>";
		};
		0C5F94631AA6056500A18F55 /* Support Files */ = {
			isa = PBXGroup;
			children = (
				0C5F945C1AA6056500A18F55 /* Info.plist */,
				0C5F945D1AA6056500A18F55 /* Pods-SwiftyJSON.modulemap */,
				0C5F945E1AA6056500A18F55 /* Pods-SwiftyJSON.xcconfig */,
				0C5F945F1AA6056500A18F55 /* Pods-SwiftyJSON-Private.xcconfig */,
				0C5F94601AA6056500A18F55 /* Pods-SwiftyJSON-dummy.m */,
				0C5F94611AA6056500A18F55 /* Pods-SwiftyJSON-prefix.pch */,
				0C5F94621AA6056500A18F55 /* Pods-SwiftyJSON-umbrella.h */,
			);
			name = "Support Files";
			path = "../Target Support Files/Pods-SwiftyJSON";
			sourceTree = "<group>";
		};
		0C5F94641AA6056500A18F55 /* SwiftyJSON */ = {
			isa = PBXGroup;
			children = (
				0C5F945B1AA6056500A18F55 /* SwiftyJSON.swift */,
				0C5F94631AA6056500A18F55 /* Support Files */,
			);
			name = SwiftyJSON;
			path = ../Pods/SwiftyJSON;
			sourceTree = "<group>";
		};
		3AD057A8B7D406745CC5044C /* Frameworks */ = {
			isa = PBXGroup;
			children = (
				0BA3E30F6140C13DF21A26B3 /* Pods.framework */,
			);
			name = Frameworks;
			sourceTree = "<group>";
		};
		5C62CB6F65A8844EB4E2F6BA /* Pods */ = {
			isa = PBXGroup;
			children = (
				922DA080BCA9558C33980BFC /* Pods.debug.xcconfig */,
				12DF7F3FD23604447B9F8EB2 /* Pods.release.xcconfig */,
			);
			name = Pods;
			sourceTree = "<group>";
		};
/* End PBXGroup section */

/* Begin PBXNativeTarget section */
		0C4F32BB1AA522F5004F1A5E /* Busbud-Challenge */ = {
			isa = PBXNativeTarget;
			buildConfigurationList = 0C4F32DB1AA522F6004F1A5E /* Build configuration list for PBXNativeTarget "Busbud-Challenge" */;
			buildPhases = (
				70FE43EEC9503A7774963456 /* Check Pods Manifest.lock */,
				0C4F32B81AA522F5004F1A5E /* Sources */,
				0C4F32B91AA522F5004F1A5E /* Frameworks */,
				0C4F32BA1AA522F5004F1A5E /* Resources */,
				6D722544F9AADB46D45D2174 /* Embed Pods Frameworks */,
				856DA462FB65592A3C6537EE /* Copy Pods Resources */,
			);
			buildRules = (
			);
			dependencies = (
			);
			name = "Busbud-Challenge";
			productName = "Busbud-Challenge";
			productReference = 0C4F32BC1AA522F5004F1A5E /* Busbud-Challenge.app */;
			productType = "com.apple.product-type.application";
		};
		0C4F32D01AA522F6004F1A5E /* Busbud-ChallengeTests */ = {
			isa = PBXNativeTarget;
			buildConfigurationList = 0C4F32DE1AA522F6004F1A5E /* Build configuration list for PBXNativeTarget "Busbud-ChallengeTests" */;
			buildPhases = (
				0C4F32CD1AA522F6004F1A5E /* Sources */,
				0C4F32CE1AA522F6004F1A5E /* Frameworks */,
				0C4F32CF1AA522F6004F1A5E /* Resources */,
			);
			buildRules = (
			);
			dependencies = (
				0C4F32D31AA522F6004F1A5E /* PBXTargetDependency */,
			);
			name = "Busbud-ChallengeTests";
			productName = "Busbud-ChallengeTests";
			productReference = 0C4F32D11AA522F6004F1A5E /* Busbud-ChallengeTests.xctest */;
			productType = "com.apple.product-type.bundle.unit-test";
		};
/* End PBXNativeTarget section */

/* Begin PBXProject section */
		0C4F32B41AA522F5004F1A5E /* Project object */ = {
			isa = PBXProject;
			attributes = {
				LastUpgradeCheck = 0610;
				ORGANIZATIONNAME = "Julien Saad";
				TargetAttributes = {
					0C4F32BB1AA522F5004F1A5E = {
						CreatedOnToolsVersion = 6.1.1;
					};
					0C4F32D01AA522F6004F1A5E = {
						CreatedOnToolsVersion = 6.1.1;
						TestTargetID = 0C4F32BB1AA522F5004F1A5E;
					};
				};
			};
			buildConfigurationList = 0C4F32B71AA522F5004F1A5E /* Build configuration list for PBXProject "Busbud-Challenge" */;
			compatibilityVersion = "Xcode 3.2";
			developmentRegion = English;
			hasScannedForEncodings = 0;
			knownRegions = (
				en,
				Base,
			);
			mainGroup = 0C4F32B31AA522F5004F1A5E;
			productRefGroup = 0C4F32BD1AA522F5004F1A5E /* Products */;
			projectDirPath = "";
			projectRoot = "";
			targets = (
				0C4F32BB1AA522F5004F1A5E /* Busbud-Challenge */,
				0C4F32D01AA522F6004F1A5E /* Busbud-ChallengeTests */,
			);
		};
/* End PBXProject section */

/* Begin PBXResourcesBuildPhase section */
		0C4F32BA1AA522F5004F1A5E /* Resources */ = {
			isa = PBXResourcesBuildPhase;
			buildActionMask = 2147483647;
			files = (
				0C5F94661AA6056500A18F55 /* Info.plist in Resources */,
				0C5F94681AA6056500A18F55 /* Pods-SwiftyJSON.xcconfig in Resources */,
				0C5F94691AA6056500A18F55 /* Pods-SwiftyJSON-Private.xcconfig in Resources */,
				0C4F32C71AA522F6004F1A5E /* Main.storyboard in Resources */,
				0C4F32CC1AA522F6004F1A5E /* LaunchScreen.xib in Resources */,
				0C4F32C91AA522F6004F1A5E /* Images.xcassets in Resources */,
			);
			runOnlyForDeploymentPostprocessing = 0;
		};
		0C4F32CF1AA522F6004F1A5E /* Resources */ = {
			isa = PBXResourcesBuildPhase;
			buildActionMask = 2147483647;
			files = (
			);
			runOnlyForDeploymentPostprocessing = 0;
		};
/* End PBXResourcesBuildPhase section */

/* Begin PBXShellScriptBuildPhase section */
		6D722544F9AADB46D45D2174 /* Embed Pods Frameworks */ = {
			isa = PBXShellScriptBuildPhase;
			buildActionMask = 2147483647;
			files = (
			);
			inputPaths = (
			);
			name = "Embed Pods Frameworks";
			outputPaths = (
			);
			runOnlyForDeploymentPostprocessing = 0;
			shellPath = /bin/sh;
			shellScript = "\"${SRCROOT}/Pods/Target Support Files/Pods/Pods-frameworks.sh\"\n";
			showEnvVarsInLog = 0;
		};
		70FE43EEC9503A7774963456 /* Check Pods Manifest.lock */ = {
			isa = PBXShellScriptBuildPhase;
			buildActionMask = 2147483647;
			files = (
			);
			inputPaths = (
			);
			name = "Check Pods Manifest.lock";
			outputPaths = (
			);
			runOnlyForDeploymentPostprocessing = 0;
			shellPath = /bin/sh;
			shellScript = "diff \"${PODS_ROOT}/../Podfile.lock\" \"${PODS_ROOT}/Manifest.lock\" > /dev/null\nif [[ $? != 0 ]] ; then\n    cat << EOM\nerror: The sandbox is not in sync with the Podfile.lock. Run 'pod install' or update your CocoaPods installation.\nEOM\n    exit 1\nfi\n";
			showEnvVarsInLog = 0;
		};
		856DA462FB65592A3C6537EE /* Copy Pods Resources */ = {
			isa = PBXShellScriptBuildPhase;
			buildActionMask = 2147483647;
			files = (
			);
			inputPaths = (
			);
			name = "Copy Pods Resources";
			outputPaths = (
			);
			runOnlyForDeploymentPostprocessing = 0;
			shellPath = /bin/sh;
			shellScript = "\"${SRCROOT}/Pods/Target Support Files/Pods/Pods-resources.sh\"\n";
			showEnvVarsInLog = 0;
		};
/* End PBXShellScriptBuildPhase section */

/* Begin PBXSourcesBuildPhase section */
		0C4F32B81AA522F5004F1A5E /* Sources */ = {
			isa = PBXSourcesBuildPhase;
			buildActionMask = 2147483647;
			files = (
				0C5F946A1AA6056500A18F55 /* Pods-SwiftyJSON-dummy.m in Sources */,
				0C5F944A1AA5FD0B00A18F55 /* Router.swift in Sources */,
				0C4F32C41AA522F6004F1A5E /* ViewController.swift in Sources */,
				0C5F94701AA607A500A18F55 /* Helpers.swift in Sources */,
				0C5F94671AA6056500A18F55 /* Pods-SwiftyJSON.modulemap in Sources */,
				0C5F946C1AA6057C00A18F55 /* User.swift in Sources */,
				0C4F32C21AA522F6004F1A5E /* AppDelegate.swift in Sources */,
				0C5F94651AA6056500A18F55 /* SwiftyJSON.swift in Sources */,
				0C5F94471AA5252600A18F55 /* City.swift in Sources */,
				0C5F946E1AA6071100A18F55 /* Config.swift in Sources */,
			);
			runOnlyForDeploymentPostprocessing = 0;
		};
		0C4F32CD1AA522F6004F1A5E /* Sources */ = {
			isa = PBXSourcesBuildPhase;
			buildActionMask = 2147483647;
			files = (
				0C4F32D81AA522F6004F1A5E /* Busbud_ChallengeTests.swift in Sources */,
			);
			runOnlyForDeploymentPostprocessing = 0;
		};
/* End PBXSourcesBuildPhase section */

/* Begin PBXTargetDependency section */
		0C4F32D31AA522F6004F1A5E /* PBXTargetDependency */ = {
			isa = PBXTargetDependency;
			target = 0C4F32BB1AA522F5004F1A5E /* Busbud-Challenge */;
			targetProxy = 0C4F32D21AA522F6004F1A5E /* PBXContainerItemProxy */;
		};
/* End PBXTargetDependency section */

/* Begin PBXVariantGroup section */
		0C4F32C51AA522F6004F1A5E /* Main.storyboard */ = {
			isa = PBXVariantGroup;
			children = (
				0C4F32C61AA522F6004F1A5E /* Base */,
			);
			name = Main.storyboard;
			sourceTree = "<group>";
		};
		0C4F32CA1AA522F6004F1A5E /* LaunchScreen.xib */ = {
			isa = PBXVariantGroup;
			children = (
				0C4F32CB1AA522F6004F1A5E /* Base */,
			);
			name = LaunchScreen.xib;
			sourceTree = "<group>";
		};
/* End PBXVariantGroup section */

/* Begin XCBuildConfiguration section */
		0C4F32D91AA522F6004F1A5E /* Debug */ = {
			isa = XCBuildConfiguration;
			buildSettings = {
				ALWAYS_SEARCH_USER_PATHS = NO;
				CLANG_CXX_LANGUAGE_STANDARD = "gnu++0x";
				CLANG_CXX_LIBRARY = "libc++";
				CLANG_ENABLE_MODULES = YES;
				CLANG_ENABLE_OBJC_ARC = YES;
				CLANG_WARN_BOOL_CONVERSION = YES;
				CLANG_WARN_CONSTANT_CONVERSION = YES;
				CLANG_WARN_DIRECT_OBJC_ISA_USAGE = YES_ERROR;
				CLANG_WARN_EMPTY_BODY = YES;
				CLANG_WARN_ENUM_CONVERSION = YES;
				CLANG_WARN_INT_CONVERSION = YES;
				CLANG_WARN_OBJC_ROOT_CLASS = YES_ERROR;
				CLANG_WARN_UNREACHABLE_CODE = YES;
				CLANG_WARN__DUPLICATE_METHOD_MATCH = YES;
				"CODE_SIGN_IDENTITY[sdk=iphoneos*]" = "iPhone Developer";
				COPY_PHASE_STRIP = NO;
				ENABLE_STRICT_OBJC_MSGSEND = YES;
				GCC_C_LANGUAGE_STANDARD = gnu99;
				GCC_DYNAMIC_NO_PIC = NO;
				GCC_OPTIMIZATION_LEVEL = 0;
				GCC_PREPROCESSOR_DEFINITIONS = (
					"DEBUG=1",
					"$(inherited)",
				);
				GCC_SYMBOLS_PRIVATE_EXTERN = NO;
				GCC_WARN_64_TO_32_BIT_CONVERSION = YES;
				GCC_WARN_ABOUT_RETURN_TYPE = YES_ERROR;
				GCC_WARN_UNDECLARED_SELECTOR = YES;
				GCC_WARN_UNINITIALIZED_AUTOS = YES_AGGRESSIVE;
				GCC_WARN_UNUSED_FUNCTION = YES;
				GCC_WARN_UNUSED_VARIABLE = YES;
				IPHONEOS_DEPLOYMENT_TARGET = 8.1;
				MTL_ENABLE_DEBUG_INFO = YES;
				ONLY_ACTIVE_ARCH = YES;
				SDKROOT = iphoneos;
				SWIFT_OPTIMIZATION_LEVEL = "-Onone";
			};
			name = Debug;
		};
		0C4F32DA1AA522F6004F1A5E /* Release */ = {
			isa = XCBuildConfiguration;
			buildSettings = {
				ALWAYS_SEARCH_USER_PATHS = NO;
				CLANG_CXX_LANGUAGE_STANDARD = "gnu++0x";
				CLANG_CXX_LIBRARY = "libc++";
				CLANG_ENABLE_MODULES = YES;
				CLANG_ENABLE_OBJC_ARC = YES;
				CLANG_WARN_BOOL_CONVERSION = YES;
				CLANG_WARN_CONSTANT_CONVERSION = YES;
				CLANG_WARN_DIRECT_OBJC_ISA_USAGE = YES_ERROR;
				CLANG_WARN_EMPTY_BODY = YES;
				CLANG_WARN_ENUM_CONVERSION = YES;
				CLANG_WARN_INT_CONVERSION = YES;
				CLANG_WARN_OBJC_ROOT_CLASS = YES_ERROR;
				CLANG_WARN_UNREACHABLE_CODE = YES;
				CLANG_WARN__DUPLICATE_METHOD_MATCH = YES;
				"CODE_SIGN_IDENTITY[sdk=iphoneos*]" = "iPhone Developer";
				COPY_PHASE_STRIP = YES;
				ENABLE_NS_ASSERTIONS = NO;
				ENABLE_STRICT_OBJC_MSGSEND = YES;
				GCC_C_LANGUAGE_STANDARD = gnu99;
				GCC_WARN_64_TO_32_BIT_CONVERSION = YES;
				GCC_WARN_ABOUT_RETURN_TYPE = YES_ERROR;
				GCC_WARN_UNDECLARED_SELECTOR = YES;
				GCC_WARN_UNINITIALIZED_AUTOS = YES_AGGRESSIVE;
				GCC_WARN_UNUSED_FUNCTION = YES;
				GCC_WARN_UNUSED_VARIABLE = YES;
				IPHONEOS_DEPLOYMENT_TARGET = 8.1;
				MTL_ENABLE_DEBUG_INFO = NO;
				SDKROOT = iphoneos;
				VALIDATE_PRODUCT = YES;
			};
			name = Release;
		};
		0C4F32DC1AA522F6004F1A5E /* Debug */ = {
			isa = XCBuildConfiguration;
			baseConfigurationReference = 922DA080BCA9558C33980BFC /* Pods.debug.xcconfig */;
			buildSettings = {
				ASSETCATALOG_COMPILER_APPICON_NAME = AppIcon;
				INFOPLIST_FILE = "Busbud-Challenge/Info.plist";
				LD_RUNPATH_SEARCH_PATHS = "$(inherited) @executable_path/Frameworks";
				PRODUCT_NAME = "$(TARGET_NAME)";
			};
			name = Debug;
		};
		0C4F32DD1AA522F6004F1A5E /* Release */ = {
			isa = XCBuildConfiguration;
			baseConfigurationReference = 12DF7F3FD23604447B9F8EB2 /* Pods.release.xcconfig */;
			buildSettings = {
				ASSETCATALOG_COMPILER_APPICON_NAME = AppIcon;
				INFOPLIST_FILE = "Busbud-Challenge/Info.plist";
				LD_RUNPATH_SEARCH_PATHS = "$(inherited) @executable_path/Frameworks";
				PRODUCT_NAME = "$(TARGET_NAME)";
			};
			name = Release;
		};
		0C4F32DF1AA522F6004F1A5E /* Debug */ = {
			isa = XCBuildConfiguration;
			buildSettings = {
				BUNDLE_LOADER = "$(TEST_HOST)";
				FRAMEWORK_SEARCH_PATHS = (
					"$(SDKROOT)/Developer/Library/Frameworks",
					"$(inherited)",
				);
				GCC_PREPROCESSOR_DEFINITIONS = (
					"DEBUG=1",
					"$(inherited)",
				);
				INFOPLIST_FILE = "Busbud-ChallengeTests/Info.plist";
				LD_RUNPATH_SEARCH_PATHS = "$(inherited) @executable_path/Frameworks @loader_path/Frameworks";
				PRODUCT_NAME = "$(TARGET_NAME)";
				TEST_HOST = "$(BUILT_PRODUCTS_DIR)/Busbud-Challenge.app/Busbud-Challenge";
			};
			name = Debug;
		};
		0C4F32E01AA522F6004F1A5E /* Release */ = {
			isa = XCBuildConfiguration;
			buildSettings = {
				BUNDLE_LOADER = "$(TEST_HOST)";
				FRAMEWORK_SEARCH_PATHS = (
					"$(SDKROOT)/Developer/Library/Frameworks",
					"$(inherited)",
				);
				INFOPLIST_FILE = "Busbud-ChallengeTests/Info.plist";
				LD_RUNPATH_SEARCH_PATHS = "$(inherited) @executable_path/Frameworks @loader_path/Frameworks";
				PRODUCT_NAME = "$(TARGET_NAME)";
				TEST_HOST = "$(BUILT_PRODUCTS_DIR)/Busbud-Challenge.app/Busbud-Challenge";
			};
			name = Release;
		};
/* End XCBuildConfiguration section */

/* Begin XCConfigurationList section */
		0C4F32B71AA522F5004F1A5E /* Build configuration list for PBXProject "Busbud-Challenge" */ = {
			isa = XCConfigurationList;
			buildConfigurations = (
				0C4F32D91AA522F6004F1A5E /* Debug */,
				0C4F32DA1AA522F6004F1A5E /* Release */,
			);
			defaultConfigurationIsVisible = 0;
			defaultConfigurationName = Release;
		};
		0C4F32DB1AA522F6004F1A5E /* Build configuration list for PBXNativeTarget "Busbud-Challenge" */ = {
			isa = XCConfigurationList;
			buildConfigurations = (
				0C4F32DC1AA522F6004F1A5E /* Debug */,
				0C4F32DD1AA522F6004F1A5E /* Release */,
			);
			defaultConfigurationIsVisible = 0;
			defaultConfigurationName = Release;
		};
		0C4F32DE1AA522F6004F1A5E /* Build configuration list for PBXNativeTarget "Busbud-ChallengeTests" */ = {
			isa = XCConfigurationList;
			buildConfigurations = (
				0C4F32DF1AA522F6004F1A5E /* Debug */,
				0C4F32E01AA522F6004F1A5E /* Release */,
			);
			defaultConfigurationIsVisible = 0;
			defaultConfigurationName = Release;
		};
/* End XCConfigurationList section */
	};
	rootObject = 0C4F32B41AA522F5004F1A5E /* Project object */;
}
